
Microsoft Visual Studio Solution File, Format Version 12.00
# Visual Studio 14
VisualStudioVersion = 14.0.24720.0
MinimumVisualStudioVersion = 10.0.40219.1
Project("{8BC9CEB8-8B4A-11D0-8D11-00A0C91BC942}") = "core", "core\core.vcxproj", "{7BBBBF13-6D7D-4CCB-A7B8-F9DFDBC977D9}"
EndProject
Project("{8BC9CEB8-8B4A-11D0-8D11-00A0C91BC942}") = "sandbox", "sandbox\sandbox.vcxproj", "{07C25ECF-4D23-478A-A846-554D89CE34CE}"
EndProject
Project("{2150E333-8FDC-42A3-9474-1A3956D46DE8}") = "Dependencies", "Dependencies", "{F026AF6F-887B-4F98-9A1E-D28C48FB35EC}"
EndProject
Project("{8BC9CEB8-8B4A-11D0-8D11-00A0C91BC942}") = "lua", "Dependencies\LUA\lua.vcxproj", "{4C5BF0DB-5C97-4AF5-9214-5537C5A75334}"
EndProject
Project("{8BC9CEB8-8B4A-11D0-8D11-00A0C91BC942}") = "glew", "Dependencies\GLEW\glew.vcxproj", "{5DB557B9-EA67-4EF4-ADD3-9EB04CC9E821}"
EndProject
Project("{8BC9CEB8-8B4A-11D0-8D11-00A0C91BC942}") = "glfw", "Dependencies\GLFW\glfw.vcxproj", "{7B2CC2A3-4C67-46F3-923D-50A10879EFD6}"
EndProject
Project("{FAE04EC0-301F-11D3-BF4B-00C04F79EFBC}") = "tools", "tools\tools.csproj", "{F0E98AC6-3501-429B-94A3-E52EFCB7664D}"
EndProject
Project("{8BC9CEB8-8B4A-11D0-8D11-00A0C91BC942}") = "math", "math\math.vcxproj", "{644FCF84-1B0D-4AF9-85D9-CB983BCBCD15}"
EndProject
Global
	GlobalSection(SolutionConfigurationPlatforms) = preSolution
		Debug|Any CPU = Debug|Any CPU
		Debug|x64 = Debug|x64
		Debug|x86 = Debug|x86
		Release|Any CPU = Release|Any CPU
		Release|x64 = Release|x64
		Release|x86 = Release|x86
	EndGlobalSection
	GlobalSection(ProjectConfigurationPlatforms) = postSolution
		{7BBBBF13-6D7D-4CCB-A7B8-F9DFDBC977D9}.Debug|Any CPU.ActiveCfg = Debug|Win32
		{7BBBBF13-6D7D-4CCB-A7B8-F9DFDBC977D9}.Debug|x64.ActiveCfg = Debug|x64
		{7BBBBF13-6D7D-4CCB-A7B8-F9DFDBC977D9}.Debug|x64.Build.0 = Debug|x64
		{7BBBBF13-6D7D-4CCB-A7B8-F9DFDBC977D9}.Debug|x86.ActiveCfg = Debug|Win32
		{7BBBBF13-6D7D-4CCB-A7B8-F9DFDBC977D9}.Debug|x86.Build.0 = Debug|Win32
		{7BBBBF13-6D7D-4CCB-A7B8-F9DFDBC977D9}.Release|Any CPU.ActiveCfg = Release|Win32
		{7BBBBF13-6D7D-4CCB-A7B8-F9DFDBC977D9}.Release|x64.ActiveCfg = Release|x64
		{7BBBBF13-6D7D-4CCB-A7B8-F9DFDBC977D9}.Release|x64.Build.0 = Release|x64
		{7BBBBF13-6D7D-4CCB-A7B8-F9DFDBC977D9}.Release|x86.ActiveCfg = Release|Win32
		{7BBBBF13-6D7D-4CCB-A7B8-F9DFDBC977D9}.Release|x86.Build.0 = Release|Win32
		{07C25ECF-4D23-478A-A846-554D89CE34CE}.Debug|Any CPU.ActiveCfg = Debug|Win32
		{07C25ECF-4D23-478A-A846-554D89CE34CE}.Debug|x64.ActiveCfg = Debug|x64
		{07C25ECF-4D23-478A-A846-554D89CE34CE}.Debug|x64.Build.0 = Debug|x64
		{07C25ECF-4D23-478A-A846-554D89CE34CE}.Debug|x86.ActiveCfg = Debug|Win32
		{07C25ECF-4D23-478A-A846-554D89CE34CE}.Debug|x86.Build.0 = Debug|Win32
		{07C25ECF-4D23-478A-A846-554D89CE34CE}.Release|Any CPU.ActiveCfg = Release|Win32
		{07C25ECF-4D23-478A-A846-554D89CE34CE}.Release|x64.ActiveCfg = Release|x64
		{07C25ECF-4D23-478A-A846-554D89CE34CE}.Release|x64.Build.0 = Release|x64
		{07C25ECF-4D23-478A-A846-554D89CE34CE}.Release|x86.ActiveCfg = Release|Win32
		{07C25ECF-4D23-478A-A846-554D89CE34CE}.Release|x86.Build.0 = Release|Win32
		{4C5BF0DB-5C97-4AF5-9214-5537C5A75334}.Debug|Any CPU.ActiveCfg = Debug|Win32
		{4C5BF0DB-5C97-4AF5-9214-5537C5A75334}.Debug|x64.ActiveCfg = Debug|x64
		{4C5BF0DB-5C97-4AF5-9214-5537C5A75334}.Debug|x64.Build.0 = Debug|x64
		{4C5BF0DB-5C97-4AF5-9214-5537C5A75334}.Debug|x86.ActiveCfg = Debug|Win32
		{4C5BF0DB-5C97-4AF5-9214-5537C5A75334}.Debug|x86.Build.0 = Debug|Win32
		{4C5BF0DB-5C97-4AF5-9214-5537C5A75334}.Release|Any CPU.ActiveCfg = Release|Win32
		{4C5BF0DB-5C97-4AF5-9214-5537C5A75334}.Release|x64.ActiveCfg = Release|x64
		{4C5BF0DB-5C97-4AF5-9214-5537C5A75334}.Release|x64.Build.0 = Release|x64
		{4C5BF0DB-5C97-4AF5-9214-5537C5A75334}.Release|x86.ActiveCfg = Release|Win32
		{4C5BF0DB-5C97-4AF5-9214-5537C5A75334}.Release|x86.Build.0 = Release|Win32
		{5DB557B9-EA67-4EF4-ADD3-9EB04CC9E821}.Debug|Any CPU.ActiveCfg = Debug|Win32
		{5DB557B9-EA67-4EF4-ADD3-9EB04CC9E821}.Debug|x64.ActiveCfg = Debug|x64
		{5DB557B9-EA67-4EF4-ADD3-9EB04CC9E821}.Debug|x64.Build.0 = Debug|x64
		{5DB557B9-EA67-4EF4-ADD3-9EB04CC9E821}.Debug|x86.ActiveCfg = Debug|Win32
		{5DB557B9-EA67-4EF4-ADD3-9EB04CC9E821}.Debug|x86.Build.0 = Debug|Win32
		{5DB557B9-EA67-4EF4-ADD3-9EB04CC9E821}.Release|Any CPU.ActiveCfg = Release|Win32
		{5DB557B9-EA67-4EF4-ADD3-9EB04CC9E821}.Release|x64.ActiveCfg = Release|x64
		{5DB557B9-EA67-4EF4-ADD3-9EB04CC9E821}.Release|x64.Build.0 = Release|x64
		{5DB557B9-EA67-4EF4-ADD3-9EB04CC9E821}.Release|x86.ActiveCfg = Release|Win32
		{5DB557B9-EA67-4EF4-ADD3-9EB04CC9E821}.Release|x86.Build.0 = Release|Win32
		{7B2CC2A3-4C67-46F3-923D-50A10879EFD6}.Debug|Any CPU.ActiveCfg = Debug|Win32
		{7B2CC2A3-4C67-46F3-923D-50A10879EFD6}.Debug|x64.ActiveCfg = Debug|x64
		{7B2CC2A3-4C67-46F3-923D-50A10879EFD6}.Debug|x64.Build.0 = Debug|x64
		{7B2CC2A3-4C67-46F3-923D-50A10879EFD6}.Debug|x86.ActiveCfg = Debug|Win32
		{7B2CC2A3-4C67-46F3-923D-50A10879EFD6}.Debug|x86.Build.0 = Debug|Win32
		{7B2CC2A3-4C67-46F3-923D-50A10879EFD6}.Release|Any CPU.ActiveCfg = Release|Win32
		{7B2CC2A3-4C67-46F3-923D-50A10879EFD6}.Release|x64.ActiveCfg = Release|x64
		{7B2CC2A3-4C67-46F3-923D-50A10879EFD6}.Release|x64.Build.0 = Release|x64
		{7B2CC2A3-4C67-46F3-923D-50A10879EFD6}.Release|x86.ActiveCfg = Release|Win32
		{7B2CC2A3-4C67-46F3-923D-50A10879EFD6}.Release|x86.Build.0 = Release|Win32
		{F0E98AC6-3501-429B-94A3-E52EFCB7664D}.Debug|Any CPU.ActiveCfg = Debug|Any CPU
		{F0E98AC6-3501-429B-94A3-E52EFCB7664D}.Debug|Any CPU.Build.0 = Debug|Any CPU
		{F0E98AC6-3501-429B-94A3-E52EFCB7664D}.Debug|x64.ActiveCfg = Debug|Any CPU
		{F0E98AC6-3501-429B-94A3-E52EFCB7664D}.Debug|x64.Build.0 = Debug|Any CPU
		{F0E98AC6-3501-429B-94A3-E52EFCB7664D}.Debug|x86.ActiveCfg = Debug|Any CPU
		{F0E98AC6-3501-429B-94A3-E52EFCB7664D}.Debug|x86.Build.0 = Debug|Any CPU
		{F0E98AC6-3501-429B-94A3-E52EFCB7664D}.Release|Any CPU.ActiveCfg = Release|Any CPU
		{F0E98AC6-3501-429B-94A3-E52EFCB7664D}.Release|Any CPU.Build.0 = Release|Any CPU
		{F0E98AC6-3501-429B-94A3-E52EFCB7664D}.Release|x64.ActiveCfg = Release|Any CPU
		{F0E98AC6-3501-429B-94A3-E52EFCB7664D}.Release|x64.Build.0 = Release|Any CPU
		{F0E98AC6-3501-429B-94A3-E52EFCB7664D}.Release|x86.ActiveCfg = Release|Any CPU
		{F0E98AC6-3501-429B-94A3-E52EFCB7664D}.Release|x86.Build.0 = Release|Any CPU
		{644FCF84-1B0D-4AF9-85D9-CB983BCBCD15}.Debug|Any CPU.ActiveCfg = Debug|Win32
		{644FCF84-1B0D-4AF9-85D9-CB983BCBCD15}.Debug|x64.ActiveCfg = Debug|x64
		{644FCF84-1B0D-4AF9-85D9-CB983BCBCD15}.Debug|x64.Build.0 = Debug|x64
		{644FCF84-1B0D-4AF9-85D9-CB983BCBCD15}.Debug|x86.ActiveCfg = Debug|Win32
		{644FCF84-1B0D-4AF9-85D9-CB983BCBCD15}.Debug|x86.Build.0 = Debug|Win32
		{644FCF84-1B0D-4AF9-85D9-CB983BCBCD15}.Release|Any CPU.ActiveCfg = Release|Win32
		{644FCF84-1B0D-4AF9-85D9-CB983BCBCD15}.Release|x64.ActiveCfg = Release|x64
		{644FCF84-1B0D-4AF9-85D9-CB983BCBCD15}.Release|x64.Build.0 = Release|x64
		{644FCF84-1B0D-4AF9-85D9-CB983BCBCD15}.Release|x86.ActiveCfg = Release|Win32
		{644FCF84-1B0D-4AF9-85D9-CB983BCBCD15}.Release|x86.Build.0 = Release|Win32
	EndGlobalSection
	GlobalSection(SolutionProperties) = preSolution
		HideSolutionNode = FALSE
	EndGlobalSection
	GlobalSection(NestedProjects) = preSolution
		{4C5BF0DB-5C97-4AF5-9214-5537C5A75334} = {F026AF6F-887B-4F98-9A1E-D28C48FB35EC}
		{5DB557B9-EA67-4EF4-ADD3-9EB04CC9E821} = {F026AF6F-887B-4F98-9A1E-D28C48FB35EC}
		{7B2CC2A3-4C67-46F3-923D-50A10879EFD6} = {F026AF6F-887B-4F98-9A1E-D28C48FB35EC}
	EndGlobalSection
EndGlobal
