<?xml version="1.0" encoding="utf-8"?>
<Project ToolsVersion="4.0" xmlns="http://schemas.microsoft.com/developer/msbuild/2003">
  <ItemGroup>
    <ClCompile Include="src\logger\logger.cpp" />
    <ClCompile Include="src\util\file.cpp" />
    <ClCompile Include="src\graphics\shader.cpp" />
    <ClCompile Include="src\logger\log.cpp" />
    <ClCompile Include="src\graphics\buffers.cpp" />
    <ClCompile Include="src\graphics\sprite_renderer.cpp" />
    <ClCompile Include="src\graphics\sprite.cpp" />
    <ClCompile Include="src\textures.cpp" />
    <ClCompile Include="src\instanced_render.cpp" />
    <ClCompile Include="src\graphics\mesh.cpp" />
    <ClCompile Include="src\pbr_test.cpp" />
    <ClCompile Include="src\sandbox.cpp" />
    <ClCompile Include="src\graphics\font.cpp" />
    <ClCompile Include="src\platform\window.cpp" />
    <ClCompile Include="src\platform\input.cpp" />
    <ClCompile Include="src\graphics\renderer\renderer_2d.cpp" />
    <ClCompile Include="src\new_interface.cpp" />
  </ItemGroup>
  <ItemGroup>
    <ClInclude Include="src\logger\log.h" />
    <ClInclude Include="src\logger\logger.h" />
    <ClInclude Include="src\util\timer.h" />
    <ClInclude Include="src\util\file.h" />
    <ClInclude Include="src\graphics\shader.h" />
    <ClInclude Include="src\graphics\buffers.h" />
    <ClInclude Include="src\graphics\sprite_renderer.h" />
    <ClInclude Include="src\graphics\sprite.h" />
    <ClInclude Include="src\graphics\mesh.h" />
    <ClInclude Include="src\graphics\font.h" />
    <ClInclude Include="src\ndengine.h" />
    <ClInclude Include="src\platform\window.h" />
    <ClInclude Include="src\platform\input.h" />
    <ClInclude Include="src\state\state_manager.h" />
    <ClInclude Include="src\graphics\renderer\renderer_2d.h" />
    <ClInclude Include="src\graphics\renderable\renderable_2d.h" />
  </ItemGroup>
  <ItemGroup>
    <None Include="res\basic.vert" />
    <None Include="res\basic.frag" />
    <None Include="res\texture.vert" />
    <None Include="res\texture.frag" />
    <None Include="res\pbr.frag" />
    <None Include="res\pbr.vert" />
    <None Include="res\normal.vert" />
    <None Include="res\normal.geom" />
    <None Include="res\normal.frag" />
  </ItemGroup>
</Project>