<?xml version="1.0" encoding="utf-8"?>
<Project ToolsVersion="4.0" xmlns="http://schemas.microsoft.com/developer/msbuild/2003">
  <ItemGroup>
    <ClCompile Include="src\computing\opencl.cpp" />
    <ClCompile Include="src\math\mat4.cpp" />
    <ClCompile Include="src\math\vec2.cpp" />
    <ClCompile Include="src\math\vec3.cpp" />
    <ClCompile Include="src\math\vec4.cpp" />
    <ClCompile Include="src\sandbox.cpp" />
    <ClCompile Include="src\logger\logger.cpp" />
    <ClCompile Include="src\window\window.cpp" />
    <ClCompile Include="src\input\input_manager.cpp" />
    <ClCompile Include="src\window\window_manager.cpp" />
    <ClCompile Include="src\util\file.cpp" />
    <ClCompile Include="src\graphics\shader.cpp" />
    <ClCompile Include="src\logger\log.cpp" />
  </ItemGroup>
  <ItemGroup>
    <ClInclude Include="src\computing\opencl_test.h" />
    <ClInclude Include="src\math\mat4.h" />
    <ClInclude Include="src\math\utils.h" />
    <ClInclude Include="src\math\vec2.h" />
    <ClInclude Include="src\math\vec3.h" />
    <ClInclude Include="src\math\vec4.h" />
    <ClInclude Include="src\logger\log.h" />
    <ClInclude Include="src\logger\logger.h" />
    <ClInclude Include="src\util\timer.h" />
    <ClInclude Include="src\window\window.h" />
    <ClInclude Include="src\input\input_manager.h" />
    <ClInclude Include="src\state\state_manager.h" />
    <ClInclude Include="src\input\command.h" />
    <ClInclude Include="include\ndengine.h" />
    <ClInclude Include="src\window\window_manager.h" />
    <ClInclude Include="src\util\file.h" />
    <ClInclude Include="src\graphics\shader.h" />
  </ItemGroup>
  <ItemGroup>
    <None Include="res\basic.vert" />
    <None Include="res\basic.frag" />
  </ItemGroup>
</Project>